PODS:
  - Alamofire (4.9.0)
  - AppsFlyerFramework (6.1.3):
    - AppsFlyerFramework/Main (= 6.1.3)
  - AppsFlyerFramework/Main (6.1.3)
  - Branch (0.34.0)
  - Differentiator (4.0.1)
  - FacebookSDK (5.11.0):
    - FacebookSDK/CoreKit (= 5.11.0)
    - FacebookSDK/MarketingKit (= 5.11.0)
  - FacebookSDK/CoreKit (5.11.0):
    - FBSDKCoreKit (~> 5.0)
  - FacebookSDK/MarketingKit (5.11.0):
    - FacebookSDK/CoreKit
    - FBSDKMarketingKit (~> 5.0)
  - FBSDKCoreKit (5.11.0):
    - FBSDKCoreKit/Basics (= 5.11.0)
    - FBSDKCoreKit/Core (= 5.11.0)
  - FBSDKCoreKit/Basics (5.11.0)
  - FBSDKCoreKit/Core (5.11.0):
    - FBSDKCoreKit/Basics
  - FBSDKMarketingKit (5.10.1):
    - FBSDKCoreKit (~> 5.5)
  - Firebase/CoreOnly (6.11.0):
    - FirebaseCore (= 6.3.2)
  - Firebase/Messaging (6.11.0):
    - Firebase/CoreOnly
    - FirebaseMessaging (~> 4.1.7)
  - FirebaseAnalyticsInterop (1.4.0)
  - FirebaseCore (6.3.2):
    - FirebaseCoreDiagnostics (~> 1.0)
    - FirebaseCoreDiagnosticsInterop (~> 1.0)
    - GoogleUtilities/Environment (~> 6.2)
    - GoogleUtilities/Logger (~> 6.2)
  - FirebaseCoreDiagnostics (1.1.1):
    - FirebaseCoreDiagnosticsInterop (~> 1.0)
    - GoogleDataTransportCCTSupport (~> 1.0)
    - GoogleUtilities/Environment (~> 6.2)
    - GoogleUtilities/Logger (~> 6.2)
    - nanopb (~> 0.3.901)
  - FirebaseCoreDiagnosticsInterop (1.0.0)
  - FirebaseInstanceID (4.2.6):
    - FirebaseCore (~> 6.0)
    - GoogleUtilities/Environment (~> 6.0)
    - GoogleUtilities/UserDefaults (~> 6.0)
  - FirebaseMessaging (4.1.7):
    - FirebaseAnalyticsInterop (~> 1.3)
    - FirebaseCore (~> 6.2)
    - FirebaseInstanceID (~> 4.1)
    - GoogleUtilities/AppDelegateSwizzler (~> 6.2)
    - GoogleUtilities/Environment (~> 6.2)
    - GoogleUtilities/Reachability (~> 6.2)
    - GoogleUtilities/UserDefaults (~> 6.2)
    - Protobuf (>= 3.9.2, ~> 3.9)
  - GoogleDataTransport (3.0.1)
  - GoogleDataTransportCCTSupport (1.2.1):
    - GoogleDataTransport (~> 3.0)
    - nanopb (~> 0.3.901)
  - GoogleUtilities/AppDelegateSwizzler (6.3.1):
    - GoogleUtilities/Environment
    - GoogleUtilities/Logger
    - GoogleUtilities/Network
  - GoogleUtilities/Environment (6.3.1)
  - GoogleUtilities/Logger (6.3.1):
    - GoogleUtilities/Environment
  - GoogleUtilities/Network (6.3.1):
    - GoogleUtilities/Logger
    - "GoogleUtilities/NSData+zlib"
    - GoogleUtilities/Reachability
  - "GoogleUtilities/NSData+zlib (6.3.1)"
  - GoogleUtilities/Reachability (6.3.1):
    - GoogleUtilities/Logger
  - GoogleUtilities/UserDefaults (6.3.1):
    - GoogleUtilities/Logger
  - InfiniteLayout/CocoaProxy (0.4.2)
  - InfiniteLayout/Core (0.4.2):
    - InfiniteLayout/CocoaProxy
  - InfiniteLayout/Rx (0.4.2):
    - InfiniteLayout/Core
    - RxCocoa (~> 5)
    - RxDataSources (~> 4)
    - RxSwift (~> 5)
  - Kingfisher (5.9.0):
    - Kingfisher/Core (= 5.9.0)
  - Kingfisher/Core (5.9.0)
  - lottie-ios (3.1.3)
  - nanopb (0.3.9011):
    - nanopb/decode (= 0.3.9011)
    - nanopb/encode (= 0.3.9011)
  - nanopb/decode (0.3.9011)
  - nanopb/encode (0.3.9011)
  - Protobuf (3.10.0)
  - Qonversion (2.8.0)
  - Realm (3.20.0):
    - Realm/Headers (= 3.20.0)
  - Realm/Headers (3.20.0)
  - RealmSwift (3.20.0):
    - Realm (= 3.20.0)
  - RxCocoa (5.0.0):
    - RxRelay (~> 5)
    - RxSwift (~> 5)
  - RxDataSources (4.0.1):
    - Differentiator (~> 4.0)
    - RxCocoa (~> 5.0)
    - RxSwift (~> 5.0)
  - RxRelay (5.0.0):
    - RxSwift (~> 5)
  - RxSwift (5.0.0)
  - SwiftyStoreKit (0.15.0)

DEPENDENCIES:
  - Alamofire
  - AppsFlyerFramework
  - Branch
  - FacebookSDK
  - Firebase/Messaging
  - InfiniteLayout/Rx
  - Kingfisher
  - lottie-ios
  - Qonversion
  - RealmSwift
  - RxCocoa
  - RxSwift
  - SwiftyStoreKit

SPEC REPOS:
  trunk:
    - Alamofire
    - AppsFlyerFramework
    - Branch
    - Differentiator
    - FacebookSDK
    - FBSDKCoreKit
    - FBSDKMarketingKit
    - Firebase
    - FirebaseAnalyticsInterop
    - FirebaseCore
    - FirebaseCoreDiagnostics
    - FirebaseCoreDiagnosticsInterop
    - FirebaseInstanceID
    - FirebaseMessaging
    - GoogleDataTransport
    - GoogleDataTransportCCTSupport
    - GoogleUtilities
    - InfiniteLayout
    - Kingfisher
    - lottie-ios
    - nanopb
    - Protobuf
    - Qonversion
    - Realm
    - RealmSwift
    - RxCocoa
    - RxDataSources
    - RxRelay
    - RxSwift
    - SwiftyStoreKit

SPEC CHECKSUMS:
  Alamofire: afc3e7c6db61476cb45cdd23fed06bad03bbc321
  AppsFlyerFramework: 4c735cfe40cd4dd809eba4e288e80f5fbde39d02
  Branch: 446aeb832102f56f04edf5fa7cb0a752dc392ca7
  Differentiator: 886080237d9f87f322641dedbc5be257061b0602
  FacebookSDK: b15ad4ed9bcbefaa04bdcb8bdddfc269a9d2d221
  FBSDKCoreKit: 9fbfb5b0022d34861bfa6b79f56f8e2ddcd8170b
  FBSDKMarketingKit: 7bf10d0f716713615c3434a57e94dd7d14436cd8
  Firebase: bc9cfc7a96c73268656d5aaab453ff1b4b530e0e
  FirebaseAnalyticsInterop: d48b6ab67bcf016a05e55b71fc39c61c0cb6b7f3
  FirebaseCore: beeff42c07c30ea94702471d99db2089b594fbbd
  FirebaseCoreDiagnostics: af29e43048607588c050889d19204f4d7b758c9f
  FirebaseCoreDiagnosticsInterop: 6829da2b8d1fc795ff1bd99df751d3788035d2cb
  FirebaseInstanceID: d0eafcd8bdbd3447cd694594734078c3e3e77d8b
  FirebaseMessaging: 5ab57080c83bc98c9961412e1dab379f4193d02a
  GoogleDataTransport: 166f9b9f82cbf60a204e8fe2daa9db3e3ec1fb15
  GoogleDataTransportCCTSupport: f6ab1962e9dc05ab1fb938b795e5b310209edeec
  GoogleUtilities: f895fde57977df4e0233edda0dbeac490e3703b6
  InfiniteLayout: de51cfad9ed480a3e3a0af7d28242d3257c606d9
  Kingfisher: ff98240aebb7302bdc4f1ecd701761030ce18b16
  lottie-ios: 496ac5cea1bbf1a7bd1f1f472f3232eb1b8d744b
  nanopb: 18003b5e52dab79db540fe93fe9579f399bd1ccd
  Protobuf: a4dc852ad69c027ca2166ed287b856697814375b
  Qonversion: a10cf4fd27ee7f835359007751f46cc3d0c64f10
  Realm: 8b2ca5bc6479a91f379b6b42b5922e396cd5ba5a
  RealmSwift: 1949ef26a279e1845bd51d591b9103adfcd121df
  RxCocoa: fcf32050ac00d801f34a7f71d5e8e7f23026dcd8
  RxDataSources: efee07fa4de48477eca0a4611e6d11e2da9c1114
  RxRelay: 4f7409406a51a55cd88483f21ed898c234d60f18
  RxSwift: 8b0671caa829a763bbce7271095859121cbd895f
  SwiftyStoreKit: 033d06b6f87955405d3f844a18a7687c2438592a

PODFILE CHECKSUM: e5dd6b8598b3b240e17c58cf8d0ef1ac37b47c33

COCOAPODS: 1.10.0.rc.1
